
Microsoft Visual Studio Solution File, Format Version 12.00
# Visual Studio 15
VisualStudioVersion = 15.0.27004.2009
MinimumVisualStudioVersion = 10.0.40219.1
Project("{2150E333-8FDC-42A3-9474-1A3956D46DE8}") = "Application", "Application", "{6C86D56A-11ED-4C64-86A4-37725EE0C2A9}"
EndProject
Project("{2150E333-8FDC-42A3-9474-1A3956D46DE8}") = "Domain", "Domain", "{E5245E74-6311-4656-B7EE-818BC796EE1E}"
EndProject
Project("{2150E333-8FDC-42A3-9474-1A3956D46DE8}") = "Infra.IoC", "Infra.IoC", "{57B3DD32-D43C-4E2F-AE37-CD3CBFDFBDCF}"
EndProject
Project("{2150E333-8FDC-42A3-9474-1A3956D46DE8}") = "Infra.Data", "Infra.Data", "{CAD9C097-3243-42AF-B431-279F79066BCA}"
EndProject
Project("{2150E333-8FDC-42A3-9474-1A3956D46DE8}") = "Presentation", "Presentation", "{15E3CE61-EBFB-46AD-8AD5-51E5952F1E3E}"
EndProject
Project("{9A19103F-16F7-4668-BE54-9A1E7A4F7556}") = "CleanArch.Mvc", "CleanArch.Mvc\CleanArch.Mvc.csproj", "{1AFC06C0-DED1-4D85-9C7A-60349C45CA53}"
EndProject
Project("{9A19103F-16F7-4668-BE54-9A1E7A4F7556}") = "CleanArch.Domain", "CleanArch.Domain\CleanArch.Domain.csproj", "{6BC3BB08-271D-4C1C-81AE-1B4640B4B5D9}"
EndProject
Project("{9A19103F-16F7-4668-BE54-9A1E7A4F7556}") = "CleanArch.Infra.Data", "CleanArch.Infra.Data\CleanArch.Infra.Data.csproj", "{639ED4AA-0652-4AD2-86C9-63745528CA7D}"
EndProject
Project("{9A19103F-16F7-4668-BE54-9A1E7A4F7556}") = "CleanArch.Application", "CleanArch.Application\CleanArch.Application.csproj", "{4F14ADEA-A496-4533-9EC6-256D05C873E6}"
EndProject
Project("{FAE04EC0-301F-11D3-BF4B-00C04F79EFBC}") = "CleanArch.Infra.IOC", "CleanArch.Infra.IOC\CleanArch.Infra.IOC.csproj", "{DA02C6DE-9A7E-411F-9705-C5628F9D347A}"
EndProject
Project("{2150E333-8FDC-42A3-9474-1A3956D46DE8}") = "Infra.Bus", "Infra.Bus", "{3D438246-2A6F-43F0-8F1C-77A504ECA69A}"
EndProject
Project("{2150E333-8FDC-42A3-9474-1A3956D46DE8}") = "Api", "Api", "{5F4C56FE-E706-487E-AC29-490B04D12908}"
EndProject
Project("{FAE04EC0-301F-11D3-BF4B-00C04F79EFBC}") = "CleanArch.Infra.Bus", "CleanArch.Infra.Bus\CleanArch.Infra.Bus.csproj", "{0053F1E4-D826-4D8A-94BE-34C8BB0BAD02}"
EndProject
Project("{FAE04EC0-301F-11D3-BF4B-00C04F79EFBC}") = "CleanArch.Domain.Core", "CleanArch.Domain.Core\CleanArch.Domain.Core.csproj", "{DA880A8E-0E2C-4E42-9692-B8DCEC91C0D6}"
EndProject
Global
	GlobalSection(SolutionConfigurationPlatforms) = preSolution
		Debug|Any CPU = Debug|Any CPU
		Release|Any CPU = Release|Any CPU
	EndGlobalSection
	GlobalSection(ProjectConfigurationPlatforms) = postSolution
		{1AFC06C0-DED1-4D85-9C7A-60349C45CA53}.Debug|Any CPU.ActiveCfg = Debug|Any CPU
		{1AFC06C0-DED1-4D85-9C7A-60349C45CA53}.Debug|Any CPU.Build.0 = Debug|Any CPU
		{1AFC06C0-DED1-4D85-9C7A-60349C45CA53}.Release|Any CPU.ActiveCfg = Release|Any CPU
		{1AFC06C0-DED1-4D85-9C7A-60349C45CA53}.Release|Any CPU.Build.0 = Release|Any CPU
		{6BC3BB08-271D-4C1C-81AE-1B4640B4B5D9}.Debug|Any CPU.ActiveCfg = Debug|Any CPU
		{6BC3BB08-271D-4C1C-81AE-1B4640B4B5D9}.Debug|Any CPU.Build.0 = Debug|Any CPU
		{6BC3BB08-271D-4C1C-81AE-1B4640B4B5D9}.Release|Any CPU.ActiveCfg = Release|Any CPU
		{6BC3BB08-271D-4C1C-81AE-1B4640B4B5D9}.Release|Any CPU.Build.0 = Release|Any CPU
		{639ED4AA-0652-4AD2-86C9-63745528CA7D}.Debug|Any CPU.ActiveCfg = Debug|Any CPU
		{639ED4AA-0652-4AD2-86C9-63745528CA7D}.Debug|Any CPU.Build.0 = Debug|Any CPU
		{639ED4AA-0652-4AD2-86C9-63745528CA7D}.Release|Any CPU.ActiveCfg = Release|Any CPU
		{639ED4AA-0652-4AD2-86C9-63745528CA7D}.Release|Any CPU.Build.0 = Release|Any CPU
		{4F14ADEA-A496-4533-9EC6-256D05C873E6}.Debug|Any CPU.ActiveCfg = Debug|Any CPU
		{4F14ADEA-A496-4533-9EC6-256D05C873E6}.Debug|Any CPU.Build.0 = Debug|Any CPU
		{4F14ADEA-A496-4533-9EC6-256D05C873E6}.Release|Any CPU.ActiveCfg = Release|Any CPU
		{4F14ADEA-A496-4533-9EC6-256D05C873E6}.Release|Any CPU.Build.0 = Release|Any CPU
		{DA02C6DE-9A7E-411F-9705-C5628F9D347A}.Debug|Any CPU.ActiveCfg = Debug|Any CPU
		{DA02C6DE-9A7E-411F-9705-C5628F9D347A}.Debug|Any CPU.Build.0 = Debug|Any CPU
		{DA02C6DE-9A7E-411F-9705-C5628F9D347A}.Release|Any CPU.ActiveCfg = Release|Any CPU
		{DA02C6DE-9A7E-411F-9705-C5628F9D347A}.Release|Any CPU.Build.0 = Release|Any CPU
		{0053F1E4-D826-4D8A-94BE-34C8BB0BAD02}.Debug|Any CPU.ActiveCfg = Debug|Any CPU
		{0053F1E4-D826-4D8A-94BE-34C8BB0BAD02}.Debug|Any CPU.Build.0 = Debug|Any CPU
		{0053F1E4-D826-4D8A-94BE-34C8BB0BAD02}.Release|Any CPU.ActiveCfg = Release|Any CPU
		{0053F1E4-D826-4D8A-94BE-34C8BB0BAD02}.Release|Any CPU.Build.0 = Release|Any CPU
		{DA880A8E-0E2C-4E42-9692-B8DCEC91C0D6}.Debug|Any CPU.ActiveCfg = Debug|Any CPU
		{DA880A8E-0E2C-4E42-9692-B8DCEC91C0D6}.Debug|Any CPU.Build.0 = Debug|Any CPU
		{DA880A8E-0E2C-4E42-9692-B8DCEC91C0D6}.Release|Any CPU.ActiveCfg = Release|Any CPU
		{DA880A8E-0E2C-4E42-9692-B8DCEC91C0D6}.Release|Any CPU.Build.0 = Release|Any CPU
	EndGlobalSection
	GlobalSection(SolutionProperties) = preSolution
		HideSolutionNode = FALSE
	EndGlobalSection
	GlobalSection(NestedProjects) = preSolution
		{1AFC06C0-DED1-4D85-9C7A-60349C45CA53} = {15E3CE61-EBFB-46AD-8AD5-51E5952F1E3E}
		{6BC3BB08-271D-4C1C-81AE-1B4640B4B5D9} = {E5245E74-6311-4656-B7EE-818BC796EE1E}
		{639ED4AA-0652-4AD2-86C9-63745528CA7D} = {CAD9C097-3243-42AF-B431-279F79066BCA}
		{4F14ADEA-A496-4533-9EC6-256D05C873E6} = {6C86D56A-11ED-4C64-86A4-37725EE0C2A9}
		{DA02C6DE-9A7E-411F-9705-C5628F9D347A} = {57B3DD32-D43C-4E2F-AE37-CD3CBFDFBDCF}
		{0053F1E4-D826-4D8A-94BE-34C8BB0BAD02} = {3D438246-2A6F-43F0-8F1C-77A504ECA69A}
		{DA880A8E-0E2C-4E42-9692-B8DCEC91C0D6} = {E5245E74-6311-4656-B7EE-818BC796EE1E}
	EndGlobalSection
	GlobalSection(ExtensibilityGlobals) = postSolution
		SolutionGuid = {7363B166-3717-4F35-B3E1-ED01DA3E794B}
	EndGlobalSection
EndGlobal
